speakeasyVersion: 1.521.1
sources:
    petstore-oas:
        sourceNamespace: petstore-oas
        sourceRevisionDigest: sha256:3e237e58e67b3e4f8c34b3639967f5b4e6abbf9b7aa473d147ba4b70ee9efe88
        sourceBlobDigest: sha256:00afa3ab3133e63ac6e20cc5483d3a8324ccf6ed8bdfa18659e3297df03ebaf5
        tags:
            - latest
            - speakeasy-sdk-regen-1742564024
            - 1.0.0
targets:
    petstore:
        source: petstore-oas
        sourceNamespace: petstore-oas
        sourceRevisionDigest: sha256:3e237e58e67b3e4f8c34b3639967f5b4e6abbf9b7aa473d147ba4b70ee9efe88
        sourceBlobDigest: sha256:00afa3ab3133e63ac6e20cc5483d3a8324ccf6ed8bdfa18659e3297df03ebaf5
        codeSamplesNamespace: petstore-oas-typescript-code-samples
        codeSamplesRevisionDigest: sha256:3edbc68558551198b16591ced9ca4d53fb2a801d662022a48bdb762adf4416dc
workflow:
    workflowVersion: 1.0.0
    speakeasyVersion: latest
    sources:
        petstore-oas:
            inputs:
                - location: openapi.yaml
            overlays:
                - location: .speakeasy/speakeasy-modifications-overlay.yaml
            registry:
                location: registry.speakeasyapi.dev/avanteer/apps/petstore-oas
    targets:
        petstore:
            target: typescript
            source: petstore-oas
            publish:
                npm:
                    token: $npm_token
            codeSamples:
                registry:
                    location: registry.speakeasyapi.dev/avanteer/apps/petstore-oas-typescript-code-samples
                labelOverride:
                    fixedValue: Typescript (SDK)
                blocking: false
